
Microsoft Visual Studio Solution File, Format Version 12.00
# Visual Studio Version 17
VisualStudioVersion = 17.9.34622.214
MinimumVisualStudioVersion = 10.0.40219.1
Project("{FAE04EC0-301F-11D3-BF4B-00C04F79EFBC}") = "Lekcja7.Zad7", "Lekcja7.Zad7\Lekcja7.Zad7.csproj", "{805DEFC9-3D22-471E-AC63-84585CF7EB27}"
EndProject
Global
	GlobalSection(SolutionConfigurationPlatforms) = preSolution
		Debug|Any CPU = Debug|Any CPU
		Release|Any CPU = Release|Any CPU
	EndGlobalSection
	GlobalSection(ProjectConfigurationPlatforms) = postSolution
		{805DEFC9-3D22-471E-AC63-84585CF7EB27}.Debug|Any CPU.ActiveCfg = Debug|Any CPU
		{805DEFC9-3D22-471E-AC63-84585CF7EB27}.Debug|Any CPU.Build.0 = Debug|Any CPU
		{805DEFC9-3D22-471E-AC63-84585CF7EB27}.Release|Any CPU.ActiveCfg = Release|Any CPU
		{805DEFC9-3D22-471E-AC63-84585CF7EB27}.Release|Any CPU.Build.0 = Release|Any CPU
	EndGlobalSection
	GlobalSection(SolutionProperties) = preSolution
		HideSolutionNode = FALSE
	EndGlobalSection
	GlobalSection(ExtensibilityGlobals) = postSolution
		SolutionGuid = {B3B98F3F-BF99-4334-80FC-935D5B11E9B9}
	EndGlobalSection
EndGlobal
